<?xml version="1.0" encoding="utf-8"?>
<Project ToolsVersion="4.0" xmlns="http://schemas.microsoft.com/developer/msbuild/2003">
  <ItemGroup>
    <Filter Include="Source Files">
      <UniqueIdentifier>{4FC737F1-C7A5-4376-A066-2A32D752A2FF}</UniqueIdentifier>
      <Extensions>cpp;c;cc;cxx;c++;cppm;ixx;def;odl;idl;hpj;bat;asm;asmx</Extensions>
    </Filter>
    <Filter Include="Header Files">
      <UniqueIdentifier>{93995380-89BD-4b04-88EB-625FBE52EBFB}</UniqueIdentifier>
      <Extensions>h;hh;hpp;hxx;h++;hm;inl;inc;ipp;xsd</Extensions>
    </Filter>
    <Filter Include="Resource Files">
      <UniqueIdentifier>{67DA6AB6-F800-4c08-8B7A-83BB121AAD01}</UniqueIdentifier>
      <Extensions>rc;ico;cur;bmp;dlg;rc2;rct;bin;rgs;gif;jpg;jpeg;jpe;resx;tiff;tif;png;wav;mfcribbon-ms</Extensions>
    </Filter>
    <Filter Include="DataStructures">
      <UniqueIdentifier>{8437b854-bbb2-49f9-8d20-ecb2969985c5}</UniqueIdentifier>
    </Filter>
    <Filter Include="Game">
      <UniqueIdentifier>{6d4e8a0e-4dd0-47b0-af20-dafbd3558a65}</UniqueIdentifier>
    </Filter>
    <Filter Include="Game\Components">
      <UniqueIdentifier>{20b0bf42-b06e-4816-9a36-9f1c52a7f160}</UniqueIdentifier>
    </Filter>
    <Filter Include="Graphic">
      <UniqueIdentifier>{2a41df74-894c-45a8-8a2e-849298776989}</UniqueIdentifier>
    </Filter>
    <Filter Include="Game\Components\Cards">
      <UniqueIdentifier>{27fe63a1-7df8-4c52-8254-0330484bbf51}</UniqueIdentifier>
    </Filter>
    <Filter Include="Game\Components\Figures">
      <UniqueIdentifier>{d87aa844-760e-4119-9d8b-313b4c44a1c8}</UniqueIdentifier>
    </Filter>
    <Filter Include="Game\Components\Cards\Materials">
      <UniqueIdentifier>{1140e1c8-bcd0-443a-97a8-4ec812113251}</UniqueIdentifier>
    </Filter>
  </ItemGroup>
  <ItemGroup>
    <ClCompile Include="main.cpp">
      <Filter>Source Files</Filter>
    </ClCompile>
    <ClCompile Include="Application.cpp">
      <Filter>Source Files</Filter>
    </ClCompile>
    <ClCompile Include="Clay.cpp">
      <Filter>Game\Components\Cards\Materials</Filter>
    </ClCompile>
    <ClCompile Include="Mineral.cpp">
      <Filter>Game\Components\Cards\Materials</Filter>
    </ClCompile>
    <ClCompile Include="Wheat.cpp">
      <Filter>Game\Components\Cards\Materials</Filter>
    </ClCompile>
    <ClCompile Include="Wood.cpp">
      <Filter>Game\Components\Cards\Materials</Filter>
    </ClCompile>
    <ClCompile Include="Wool.cpp">
      <Filter>Game\Components\Cards\Materials</Filter>
    </ClCompile>
    <ClCompile Include="Game.cpp">
      <Filter>Game</Filter>
    </ClCompile>
    <ClCompile Include="Component.cpp">
      <Filter>Game\Components</Filter>
    </ClCompile>
    <ClCompile Include="Card.cpp">
      <Filter>Game\Components</Filter>
    </ClCompile>
    <ClCompile Include="Figure.cpp">
      <Filter>Game\Components</Filter>
    </ClCompile>
    <ClCompile Include="Button.cpp">
      <Filter>Graphic</Filter>
    </ClCompile>
    <ClCompile Include="Label.cpp">
      <Filter>Graphic</Filter>
    </ClCompile>
    <ClCompile Include="Land.cpp">
      <Filter>Game\Components</Filter>
    </ClCompile>
    <ClCompile Include="Match.cpp">
      <Filter>Game</Filter>
    </ClCompile>
    <ClCompile Include="Player.cpp">
      <Filter>Game</Filter>
    </ClCompile>
    <ClCompile Include="Knight.cpp">
      <Filter>Game\Components\Cards</Filter>
    </ClCompile>
    <ClCompile Include="VictoryPoints.cpp">
      <Filter>Game\Components\Cards</Filter>
    </ClCompile>
    <ClCompile Include="Road.cpp">
      <Filter>Game\Components\Figures</Filter>
    </ClCompile>
    <ClCompile Include="Town.cpp">
      <Filter>Game\Components\Figures</Filter>
    </ClCompile>
    <ClCompile Include="Dice.cpp">
      <Filter>Game\Components</Filter>
    </ClCompile>
    <ClCompile Include="Computer.cpp">
      <Filter>Game\Components</Filter>
    </ClCompile>
    <ClCompile Include="City.cpp">
      <Filter>Game\Components\Figures</Filter>
    </ClCompile>
    <ClCompile Include="Window.cpp">
      <Filter>Graphic</Filter>
    </ClCompile>
    <ClCompile Include="Progress.cpp">
      <Filter>Game\Components\Cards</Filter>
    </ClCompile>
    <ClCompile Include="DataStructures.cpp">
      <Filter>DataStructures</Filter>
    </ClCompile>
    <ClCompile Include="FlowController.cpp">
      <Filter>Source Files</Filter>
    </ClCompile>
  </ItemGroup>
  <ItemGroup>
    <ClInclude Include="CImg.h">
      <Filter>Header Files</Filter>
    </ClInclude>
    <ClInclude Include="Player.hpp">
      <Filter>Header Files</Filter>
    </ClInclude>
    <ClInclude Include="Progress.hpp">
      <Filter>Header Files</Filter>
    </ClInclude>
    <ClInclude Include="Road.hpp">
      <Filter>Header Files</Filter>
    </ClInclude>
    <ClInclude Include="Stack.hpp">
      <Filter>Header Files</Filter>
    </ClInclude>
    <ClInclude Include="Town.hpp">
      <Filter>Header Files</Filter>
    </ClInclude>
    <ClInclude Include="VictoryPoints.hpp">
      <Filter>Header Files</Filter>
    </ClInclude>
    <ClInclude Include="Wheat.hpp">
      <Filter>Header Files</Filter>
    </ClInclude>
    <ClInclude Include="Window.hpp">
      <Filter>Header Files</Filter>
    </ClInclude>
    <ClInclude Include="Wood.hpp">
      <Filter>Header Files</Filter>
    </ClInclude>
    <ClInclude Include="Wool.hpp">
      <Filter>Header Files</Filter>
    </ClInclude>
    <ClInclude Include="Application.hpp">
      <Filter>Header Files</Filter>
    </ClInclude>
    <ClInclude Include="Button.hpp">
      <Filter>Header Files</Filter>
    </ClInclude>
    <ClInclude Include="Card.hpp">
      <Filter>Header Files</Filter>
    </ClInclude>
    <ClInclude Include="City.hpp">
      <Filter>Header Files</Filter>
    </ClInclude>
    <ClInclude Include="Clay.hpp">
      <Filter>Header Files</Filter>
    </ClInclude>
    <ClInclude Include="Component.hpp">
      <Filter>Header Files</Filter>
    </ClInclude>
    <ClInclude Include="Computer.hpp">
      <Filter>Header Files</Filter>
    </ClInclude>
    <ClInclude Include="DataStructures.hpp">
      <Filter>Header Files</Filter>
    </ClInclude>
    <ClInclude Include="Dice.hpp">
      <Filter>Header Files</Filter>
    </ClInclude>
    <ClInclude Include="Figure.hpp">
      <Filter>Header Files</Filter>
    </ClInclude>
    <ClInclude Include="Game.hpp">
      <Filter>Header Files</Filter>
    </ClInclude>
    <ClInclude Include="Knight.hpp">
      <Filter>Header Files</Filter>
    </ClInclude>
    <ClInclude Include="Label.hpp">
      <Filter>Header Files</Filter>
    </ClInclude>
    <ClInclude Include="Land.hpp">
      <Filter>Header Files</Filter>
    </ClInclude>
    <ClInclude Include="LinkedList.hpp">
      <Filter>Header Files</Filter>
    </ClInclude>
    <ClInclude Include="Match.hpp">
      <Filter>Header Files</Filter>
    </ClInclude>
    <ClInclude Include="Mineral.hpp">
      <Filter>Header Files</Filter>
    </ClInclude>
    <ClInclude Include="Node.hpp">
      <Filter>Header Files</Filter>
    </ClInclude>
    <ClInclude Include="Materials.hpp">
      <Filter>Header Files</Filter>
    </ClInclude>
    <ClInclude Include="ProgressCards.hpp">
      <Filter>Header Files</Filter>
    </ClInclude>
    <ClInclude Include="Figures.hpp">
      <Filter>Header Files</Filter>
    </ClInclude>
    <ClInclude Include="FlowController.hpp">
      <Filter>Header Files</Filter>
    </ClInclude>
    <ClInclude Include="Colors.hpp">
      <Filter>Header Files</Filter>
    </ClInclude>
  </ItemGroup>
</Project>