<?xml version="1.0" encoding="utf-8"?>
<Project ToolsVersion="4.0" xmlns="http://schemas.microsoft.com/developer/msbuild/2003">
  <ItemGroup>
    <Filter Include="Source Files">
      <UniqueIdentifier>{4FC737F1-C7A5-4376-A066-2A32D752A2FF}</UniqueIdentifier>
      <Extensions>cpp;c;cc;cxx;c++;cppm;ixx;def;odl;idl;hpj;bat;asm;asmx</Extensions>
    </Filter>
    <Filter Include="Header Files">
      <UniqueIdentifier>{93995380-89BD-4b04-88EB-625FBE52EBFB}</UniqueIdentifier>
      <Extensions>h;hh;hpp;hxx;h++;hm;inl;inc;ipp;xsd</Extensions>
    </Filter>
    <Filter Include="Resource Files">
      <UniqueIdentifier>{67DA6AB6-F800-4c08-8B7A-83BB121AAD01}</UniqueIdentifier>
      <Extensions>rc;ico;cur;bmp;dlg;rc2;rct;bin;rgs;gif;jpg;jpeg;jpe;resx;tiff;tif;png;wav;mfcribbon-ms</Extensions>
    </Filter>
  </ItemGroup>
  <ItemGroup>
    <ClCompile Include="main.cpp">
      <Filter>Source Files</Filter>
    </ClCompile>
    <ClCompile Include="Card.cpp">
      <Filter>Source Files</Filter>
    </ClCompile>
    <ClCompile Include="CardNode.cpp">
      <Filter>Source Files</Filter>
    </ClCompile>
    <ClCompile Include="City.cpp">
      <Filter>Source Files</Filter>
    </ClCompile>
    <ClCompile Include="Clay.cpp">
      <Filter>Source Files</Filter>
    </ClCompile>
    <ClCompile Include="Component.cpp">
      <Filter>Source Files</Filter>
    </ClCompile>
    <ClCompile Include="HexaManage.cpp">
      <Filter>Source Files</Filter>
    </ClCompile>
    <ClCompile Include="Label.cpp">
      <Filter>Source Files</Filter>
    </ClCompile>
    <ClCompile Include="Land.cpp">
      <Filter>Source Files</Filter>
    </ClCompile>
    <ClCompile Include="LinkedList.cpp">
      <Filter>Source Files</Filter>
    </ClCompile>
    <ClCompile Include="Mineral.cpp">
      <Filter>Source Files</Filter>
    </ClCompile>
    <ClCompile Include="Node.cpp">
      <Filter>Source Files</Filter>
    </ClCompile>
    <ClCompile Include="Player.cpp">
      <Filter>Source Files</Filter>
    </ClCompile>
    <ClCompile Include="Program.cpp">
      <Filter>Source Files</Filter>
    </ClCompile>
    <ClCompile Include="Road.cpp">
      <Filter>Source Files</Filter>
    </ClCompile>
    <ClCompile Include="Stack.cpp">
      <Filter>Source Files</Filter>
    </ClCompile>
    <ClCompile Include="Town.cpp">
      <Filter>Source Files</Filter>
    </ClCompile>
    <ClCompile Include="Wheat.cpp">
      <Filter>Source Files</Filter>
    </ClCompile>
    <ClCompile Include="Window.cpp">
      <Filter>Source Files</Filter>
    </ClCompile>
    <ClCompile Include="Wood.cpp">
      <Filter>Source Files</Filter>
    </ClCompile>
    <ClCompile Include="Wool.cpp">
      <Filter>Source Files</Filter>
    </ClCompile>
    <ClCompile Include="Application.cpp">
      <Filter>Source Files</Filter>
    </ClCompile>
    <ClCompile Include="Progress.cpp">
      <Filter>Source Files</Filter>
    </ClCompile>
    <ClCompile Include="VictoryPoints.cpp">
      <Filter>Source Files</Filter>
    </ClCompile>
    <ClCompile Include="Knight.cpp">
      <Filter>Source Files</Filter>
    </ClCompile>
  </ItemGroup>
  <ItemGroup>
    <ClInclude Include="Card.hpp">
      <Filter>Header Files</Filter>
    </ClInclude>
    <ClInclude Include="CardNode.hpp">
      <Filter>Header Files</Filter>
    </ClInclude>
    <ClInclude Include="CImg.h">
      <Filter>Header Files</Filter>
    </ClInclude>
    <ClInclude Include="City.hpp">
      <Filter>Header Files</Filter>
    </ClInclude>
    <ClInclude Include="Clay.hpp">
      <Filter>Header Files</Filter>
    </ClInclude>
    <ClInclude Include="Component.hpp">
      <Filter>Header Files</Filter>
    </ClInclude>
    <ClInclude Include="HexaManage.hpp">
      <Filter>Header Files</Filter>
    </ClInclude>
    <ClInclude Include="Label.hpp">
      <Filter>Header Files</Filter>
    </ClInclude>
    <ClInclude Include="Land.hpp">
      <Filter>Header Files</Filter>
    </ClInclude>
    <ClInclude Include="LinkedList.hpp">
      <Filter>Header Files</Filter>
    </ClInclude>
    <ClInclude Include="Mineral.hpp">
      <Filter>Header Files</Filter>
    </ClInclude>
    <ClInclude Include="Node.hpp">
      <Filter>Header Files</Filter>
    </ClInclude>
    <ClInclude Include="Player.hpp">
      <Filter>Header Files</Filter>
    </ClInclude>
    <ClInclude Include="Program.hpp">
      <Filter>Header Files</Filter>
    </ClInclude>
    <ClInclude Include="Road.hpp">
      <Filter>Header Files</Filter>
    </ClInclude>
    <ClInclude Include="Stack.hpp">
      <Filter>Header Files</Filter>
    </ClInclude>
    <ClInclude Include="Town.hpp">
      <Filter>Header Files</Filter>
    </ClInclude>
    <ClInclude Include="Wheat.hpp">
      <Filter>Header Files</Filter>
    </ClInclude>
    <ClInclude Include="Window.hpp">
      <Filter>Header Files</Filter>
    </ClInclude>
    <ClInclude Include="Wood.hpp">
      <Filter>Header Files</Filter>
    </ClInclude>
    <ClInclude Include="Wool.hpp">
      <Filter>Header Files</Filter>
    </ClInclude>
    <ClInclude Include="Application.hpp">
      <Filter>Header Files</Filter>
    </ClInclude>
    <ClInclude Include="Progress.hpp">
      <Filter>Header Files</Filter>
    </ClInclude>
    <ClInclude Include="VictoryPoints.hpp">
      <Filter>Header Files</Filter>
    </ClInclude>
    <ClInclude Include="Knight.hpp">
      <Filter>Header Files</Filter>
    </ClInclude>
  </ItemGroup>
</Project>