<?xml version="1.0" encoding="utf-8"?>
<Project ToolsVersion="4.0" xmlns="http://schemas.microsoft.com/developer/msbuild/2003">
  <ItemGroup>
    <ClCompile Include="Card.cpp" />
    <ClCompile Include="Label.cpp" />
    <ClCompile Include="Land.cpp" />
    <ClCompile Include="LinkedList.cpp" />
    <ClCompile Include="Player.cpp" />
    <ClCompile Include="Program.cpp" />
    <ClCompile Include="Proyecto_Catan_VSM.cpp" />
    <ClCompile Include="Stack.cpp" />
    <ClCompile Include="Node.cpp" />
    <ClCompile Include="CardNode.cpp" />
    <ClCompile Include="Component.cpp" />
    <ClCompile Include="Town.cpp" />
    <ClCompile Include="City.cpp" />
    <ClCompile Include="Window.cpp" />
    <ClCompile Include="HexaManage.cpp" />
    <ClCompile Include="Clay.cpp" />
    <ClCompile Include="Wood.cpp" />
    <ClCompile Include="Mineral.cpp" />
    <ClCompile Include="Wheat.cpp" />
    <ClCompile Include="Wool.cpp" />
  </ItemGroup>
  <ItemGroup>
    <ClInclude Include="..\..\..\EJEMPLO CIMG\EjemploCIMG\EjemploCIMG\CImg.h" />
    <ClInclude Include="Card.hpp" />
    <ClInclude Include="Label.hpp" />
    <ClInclude Include="Land.hpp" />
    <ClInclude Include="LinkedList.hpp" />
    <ClInclude Include="Player.hpp" />
    <ClInclude Include="Program.hpp" />
    <ClInclude Include="Stack.hpp" />
    <ClInclude Include="Node.hpp" />
    <ClInclude Include="CardNode.hpp" />
    <ClInclude Include="Component.hpp" />
    <ClInclude Include="Town.hpp" />
    <ClInclude Include="City.hpp" />
    <ClInclude Include="Window.hpp" />
    <ClInclude Include="HexaManage.hpp" />
    <ClInclude Include="Clay.hpp" />
    <ClInclude Include="Wood.hpp" />
    <ClInclude Include="Mineral.hpp" />
    <ClInclude Include="Wheat.hpp" />
    <ClInclude Include="Wool.hpp" />
  </ItemGroup>
</Project>